
Microsoft Visual Studio Solution File, Format Version 12.00
# Visual Studio 15
VisualStudioVersion = 15.0.26730.10
MinimumVisualStudioVersion = 10.0.40219.1
Project("{8BC9CEB8-8B4A-11D0-8D11-00A0C91BC942}") = "Lab_H", "Lab_H.vcxproj", "{F724AF79-A432-4CFD-8C0D-90D4543B8689}"
EndProject
Global
	GlobalSection(SolutionConfigurationPlatforms) = preSolution
		Debug|x64 = Debug|x64
		Debug|x86 = Debug|x86
		Release|x64 = Release|x64
		Release|x86 = Release|x86
	EndGlobalSection
	GlobalSection(ProjectConfigurationPlatforms) = postSolution
		{F724AF79-A432-4CFD-8C0D-90D4543B8689}.Debug|x64.ActiveCfg = Debug|x64
		{F724AF79-A432-4CFD-8C0D-90D4543B8689}.Debug|x64.Build.0 = Debug|x64
		{F724AF79-A432-4CFD-8C0D-90D4543B8689}.Debug|x86.ActiveCfg = Debug|Win32
		{F724AF79-A432-4CFD-8C0D-90D4543B8689}.Debug|x86.Build.0 = Debug|Win32
		{F724AF79-A432-4CFD-8C0D-90D4543B8689}.Release|x64.ActiveCfg = Release|x64
		{F724AF79-A432-4CFD-8C0D-90D4543B8689}.Release|x64.Build.0 = Release|x64
		{F724AF79-A432-4CFD-8C0D-90D4543B8689}.Release|x86.ActiveCfg = Release|Win32
		{F724AF79-A432-4CFD-8C0D-90D4543B8689}.Release|x86.Build.0 = Release|Win32
	EndGlobalSection
	GlobalSection(SolutionProperties) = preSolution
		HideSolutionNode = FALSE
	EndGlobalSection
	GlobalSection(ExtensibilityGlobals) = postSolution
		SolutionGuid = {8AE9B25D-E092-4D99-91A9-7EFAD2B82A51}
	EndGlobalSection
EndGlobal
